# Single source of pinned container images (doc 03 §15; compose.yml references these).
#
# NOTE: digests must be resolved on a host with Docker via `just images-update`
# (docker buildx imagetools inspect / docker manifest inspect). Until then these
# are tag-pinned; PRODUCTION RELEASES MUST PIN BY @sha256 DIGEST, never a floating tag.
# No `:latest` anywhere — every tag is an explicit version (Phase-1 tech-debt: I-2).
#
# service   image:tag                                   # @sha256:... (pin before release)
postgres    postgres:16
minio       minio/minio:RELEASE.2024-09-13T20-26-02Z
mc          minio/mc:RELEASE.2025-08-13T08-35-41Z         # minio-init one-shot (was :latest)
redis       redis:7
keycloak    quay.io/keycloak/keycloak:26.6
caddy       caddy:2
renderer    gotenberg/gotenberg:8.34
tika        apache/tika:3.3.1.0-full
mailpit     axllent/mailpit:v1.30.3                       # dev profile only (was :latest)
# opensearch — intentionally OMITTED in MVP (R34); v1 drop-in via the Indexer interface.
