{
  "name": "npm-audit-policy-fixture",
  "version": "1.0.0",
  "lockfileVersion": 3,
  "requires": true,
  "packages": {
    "": {
      "name": "npm-audit-policy-fixture",
      "version": "1.0.0",
      "dependencies": {
        "react-router-dom": "7.18.2",
        "synthetic-vulnerable": "1.0.0"
      }
    },
    "node_modules/react-router": {
      "version": "7.18.2"
    },
    "node_modules/react-router-dom": {
      "version": "7.18.2"
    },
    "node_modules/synthetic-vulnerable": {
      "version": "1.0.0"
    }
  }
}
